// !$*UTF8*$!
{
	archiveVersion = 1;
	classes = {
	};
	objectVersion = 51;
	objects = {

/* Begin PBXBuildFile section */
		AF02074B256690A6000C982F /* GoogleService-Info.plist in Resources */ = {isa = PBXBuildFile; fileRef = AF02074A256690A6000C982F /* GoogleService-Info.plist */; };
		AF02077525669507000C982F /* LoginViewController.swift in Sources */ = {isa = PBXBuildFile; fileRef = AF02077425669507000C982F /* LoginViewController.swift */; };
		AF02077825669511000C982F /* RegistrationViewController.swift in Sources */ = {isa = PBXBuildFile; fileRef = AF02077725669511000C982F /* RegistrationViewController.swift */; };
		AF02077C25669563000C982F /* DatabaseManager.swift in Sources */ = {isa = PBXBuildFile; fileRef = AF02077B25669563000C982F /* DatabaseManager.swift */; };
		AF02077F25669634000C982F /* HomeViewController.swift in Sources */ = {isa = PBXBuildFile; fileRef = AF02077E25669634000C982F /* HomeViewController.swift */; };
		AF23028D254FF26500F54D4B /* Shops.swift in Sources */ = {isa = PBXBuildFile; fileRef = AF23028C254FF26500F54D4B /* Shops.swift */; };
		AF230290254FF33200F54D4B /* ShopsStore.swift in Sources */ = {isa = PBXBuildFile; fileRef = AF23028F254FF33200F54D4B /* ShopsStore.swift */; };
		AF230294254FF34D00F54D4B /* BikesTableViewCell.swift in Sources */ = {isa = PBXBuildFile; fileRef = AF230293254FF34D00F54D4B /* BikesTableViewCell.swift */; };
		AF4F40782541963E00AFD60B /* ClientDetailViewController.swift in Sources */ = {isa = PBXBuildFile; fileRef = AF4F40772541963E00AFD60B /* ClientDetailViewController.swift */; };
		AF978F8D25500525000B5C37 /* ShopsController.swift in Sources */ = {isa = PBXBuildFile; fileRef = AF978F8C25500525000B5C37 /* ShopsController.swift */; };
		AF978F9025500548000B5C37 /* ShopsTableViewCell.swift in Sources */ = {isa = PBXBuildFile; fileRef = AF978F8F25500548000B5C37 /* ShopsTableViewCell.swift */; };
		AF9F450C2538C6460063495D /* ClientsTableViewCell.swift in Sources */ = {isa = PBXBuildFile; fileRef = AF9F450B2538C6460063495D /* ClientsTableViewCell.swift */; };
		AFBC4E36255D7C1200E2E46F /* Configuration.swift in Sources */ = {isa = PBXBuildFile; fileRef = AFBC4E35255D7C1200E2E46F /* Configuration.swift */; };
		AFBF968F255D6F55006413F8 /* ClientViewController.swift in Sources */ = {isa = PBXBuildFile; fileRef = AFBF968E255D6F55006413F8 /* ClientViewController.swift */; };
		AFC13B312554348700DC82CD /* FieldsValidate.swift in Sources */ = {isa = PBXBuildFile; fileRef = AFC13B302554348700DC82CD /* FieldsValidate.swift */; };
		AFDB8CA02538661B008E047A /* Bikes.swift in Sources */ = {isa = PBXBuildFile; fileRef = AFDB8C9F2538661B008E047A /* Bikes.swift */; };
		AFDB8CA425386740008E047A /* ClientsStore.swift in Sources */ = {isa = PBXBuildFile; fileRef = AFDB8CA325386740008E047A /* ClientsStore.swift */; };
		AFE0A61725385A1D001A7C43 /* AppDelegate.swift in Sources */ = {isa = PBXBuildFile; fileRef = AFE0A61625385A1D001A7C43 /* AppDelegate.swift */; };
		AFE0A61925385A1D001A7C43 /* SceneDelegate.swift in Sources */ = {isa = PBXBuildFile; fileRef = AFE0A61825385A1D001A7C43 /* SceneDelegate.swift */; };
		AFE0A61B25385A1D001A7C43 /* ShopDetails.swift in Sources */ = {isa = PBXBuildFile; fileRef = AFE0A61A25385A1D001A7C43 /* ShopDetails.swift */; };
		AFE0A61E25385A1D001A7C43 /* Main.storyboard in Resources */ = {isa = PBXBuildFile; fileRef = AFE0A61C25385A1D001A7C43 /* Main.storyboard */; };
		AFE0A62025385A21001A7C43 /* Assets.xcassets in Resources */ = {isa = PBXBuildFile; fileRef = AFE0A61F25385A21001A7C43 /* Assets.xcassets */; };
		AFE0A62325385A21001A7C43 /* LaunchScreen.storyboard in Resources */ = {isa = PBXBuildFile; fileRef = AFE0A62125385A21001A7C43 /* LaunchScreen.storyboard */; };
		AFE0A63125385F48001A7C43 /* Clients.swift in Sources */ = {isa = PBXBuildFile; fileRef = AFE0A63025385F48001A7C43 /* Clients.swift */; };
		FB9EA24C7E695D35FD087757 /* Pods_BikeRentalWithRealm.framework in Frameworks */ = {isa = PBXBuildFile; fileRef = DB05495C732C105D360CF6A7 /* Pods_BikeRentalWithRealm.framework */; };
/* End PBXBuildFile section */

/* Begin PBXFileReference section */
		0F457ACA2BBA53584D4F41E3 /* Pods-BikeRentalWithRealm.release.xcconfig */ = {isa = PBXFileReference; includeInIndex = 1; lastKnownFileType = text.xcconfig; name = "Pods-BikeRentalWithRealm.release.xcconfig"; path = "Target Support Files/Pods-BikeRentalWithRealm/Pods-BikeRentalWithRealm.release.xcconfig"; sourceTree = "<group>"; };
		81BBD78ADA48B0D0184E7CD2 /* Pods-BikeRentalWithRealm.debug.xcconfig */ = {isa = PBXFileReference; includeInIndex = 1; lastKnownFileType = text.xcconfig; name = "Pods-BikeRentalWithRealm.debug.xcconfig"; path = "Target Support Files/Pods-BikeRentalWithRealm/Pods-BikeRentalWithRealm.debug.xcconfig"; sourceTree = "<group>"; };
		AF02074A256690A6000C982F /* GoogleService-Info.plist */ = {isa = PBXFileReference; fileEncoding = 4; lastKnownFileType = text.plist.xml; path = "GoogleService-Info.plist"; sourceTree = "<group>"; };
		AF02077425669507000C982F /* LoginViewController.swift */ = {isa = PBXFileReference; fileEncoding = 4; lastKnownFileType = sourcecode.swift; path = LoginViewController.swift; sourceTree = "<group>"; };
		AF02077725669511000C982F /* RegistrationViewController.swift */ = {isa = PBXFileReference; fileEncoding = 4; lastKnownFileType = sourcecode.swift; path = RegistrationViewController.swift; sourceTree = "<group>"; };
		AF02077B25669563000C982F /* DatabaseManager.swift */ = {isa = PBXFileReference; fileEncoding = 4; lastKnownFileType = sourcecode.swift; path = DatabaseManager.swift; sourceTree = "<group>"; };
		AF02077E25669634000C982F /* HomeViewController.swift */ = {isa = PBXFileReference; lastKnownFileType = sourcecode.swift; path = HomeViewController.swift; sourceTree = "<group>"; };
		AF23028C254FF26500F54D4B /* Shops.swift */ = {isa = PBXFileReference; lastKnownFileType = sourcecode.swift; path = Shops.swift; sourceTree = "<group>"; };
		AF23028F254FF33200F54D4B /* ShopsStore.swift */ = {isa = PBXFileReference; lastKnownFileType = sourcecode.swift; path = ShopsStore.swift; sourceTree = "<group>"; };
		AF230293254FF34D00F54D4B /* BikesTableViewCell.swift */ = {isa = PBXFileReference; lastKnownFileType = sourcecode.swift; path = BikesTableViewCell.swift; sourceTree = "<group>"; };
		AF4F40772541963E00AFD60B /* ClientDetailViewController.swift */ = {isa = PBXFileReference; lastKnownFileType = sourcecode.swift; path = ClientDetailViewController.swift; sourceTree = "<group>"; };
		AF978F8C25500525000B5C37 /* ShopsController.swift */ = {isa = PBXFileReference; lastKnownFileType = sourcecode.swift; path = ShopsController.swift; sourceTree = "<group>"; };
		AF978F8F25500548000B5C37 /* ShopsTableViewCell.swift */ = {isa = PBXFileReference; lastKnownFileType = sourcecode.swift; path = ShopsTableViewCell.swift; sourceTree = "<group>"; };
		AF9F450B2538C6460063495D /* ClientsTableViewCell.swift */ = {isa = PBXFileReference; lastKnownFileType = sourcecode.swift; path = ClientsTableViewCell.swift; sourceTree = "<group>"; };
		AFBC4E35255D7C1200E2E46F /* Configuration.swift */ = {isa = PBXFileReference; lastKnownFileType = sourcecode.swift; path = Configuration.swift; sourceTree = "<group>"; };
		AFBF968E255D6F55006413F8 /* ClientViewController.swift */ = {isa = PBXFileReference; lastKnownFileType = sourcecode.swift; path = ClientViewController.swift; sourceTree = "<group>"; };
		AFC13B302554348700DC82CD /* FieldsValidate.swift */ = {isa = PBXFileReference; lastKnownFileType = sourcecode.swift; path = FieldsValidate.swift; sourceTree = "<group>"; };
		AFDB8C9F2538661B008E047A /* Bikes.swift */ = {isa = PBXFileReference; lastKnownFileType = sourcecode.swift; path = Bikes.swift; sourceTree = "<group>"; };
		AFDB8CA325386740008E047A /* ClientsStore.swift */ = {isa = PBXFileReference; lastKnownFileType = sourcecode.swift; path = ClientsStore.swift; sourceTree = "<group>"; };
		AFE0A61325385A1D001A7C43 /* BikeRentalWithRealm.app */ = {isa = PBXFileReference; explicitFileType = wrapper.application; includeInIndex = 0; path = BikeRentalWithRealm.app; sourceTree = BUILT_PRODUCTS_DIR; };
		AFE0A61625385A1D001A7C43 /* AppDelegate.swift */ = {isa = PBXFileReference; lastKnownFileType = sourcecode.swift; path = AppDelegate.swift; sourceTree = "<group>"; };
		AFE0A61825385A1D001A7C43 /* SceneDelegate.swift */ = {isa = PBXFileReference; lastKnownFileType = sourcecode.swift; path = SceneDelegate.swift; sourceTree = "<group>"; };
		AFE0A61A25385A1D001A7C43 /* ShopDetails.swift */ = {isa = PBXFileReference; lastKnownFileType = sourcecode.swift; path = ShopDetails.swift; sourceTree = "<group>"; };
		AFE0A61D25385A1D001A7C43 /* Base */ = {isa = PBXFileReference; lastKnownFileType = file.storyboard; name = Base; path = Base.lproj/Main.storyboard; sourceTree = "<group>"; };
		AFE0A61F25385A21001A7C43 /* Assets.xcassets */ = {isa = PBXFileReference; lastKnownFileType = folder.assetcatalog; path = Assets.xcassets; sourceTree = "<group>"; };
		AFE0A62225385A21001A7C43 /* Base */ = {isa = PBXFileReference; lastKnownFileType = file.storyboard; name = Base; path = Base.lproj/LaunchScreen.storyboard; sourceTree = "<group>"; };
		AFE0A62425385A21001A7C43 /* Info.plist */ = {isa = PBXFileReference; lastKnownFileType = text.plist.xml; path = Info.plist; sourceTree = "<group>"; };
		AFE0A63025385F48001A7C43 /* Clients.swift */ = {isa = PBXFileReference; lastKnownFileType = sourcecode.swift; path = Clients.swift; sourceTree = "<group>"; };
		DB05495C732C105D360CF6A7 /* Pods_BikeRentalWithRealm.framework */ = {isa = PBXFileReference; explicitFileType = wrapper.framework; includeInIndex = 0; path = Pods_BikeRentalWithRealm.framework; sourceTree = BUILT_PRODUCTS_DIR; };
/* End PBXFileReference section */

/* Begin PBXFrameworksBuildPhase section */
		AFE0A61025385A1D001A7C43 /* Frameworks */ = {
			isa = PBXFrameworksBuildPhase;
			buildActionMask = 2147483647;
			files = (
				FB9EA24C7E695D35FD087757 /* Pods_BikeRentalWithRealm.framework in Frameworks */,
			);
			runOnlyForDeploymentPostprocessing = 0;
		};
/* End PBXFrameworksBuildPhase section */

/* Begin PBXGroup section */
		A18384D030E5EC732C407134 /* Pods */ = {
			isa = PBXGroup;
			children = (
				81BBD78ADA48B0D0184E7CD2 /* Pods-BikeRentalWithRealm.debug.xcconfig */,
				0F457ACA2BBA53584D4F41E3 /* Pods-BikeRentalWithRealm.release.xcconfig */,
			);
			path = Pods;
			sourceTree = "<group>";
		};
		AF0207722566949E000C982F /* Login and Registration */ = {
			isa = PBXGroup;
			children = (
				AF02077A25669520000C982F /* Storyboards */,
				AF020773256694D8000C982F /* Controllers */,
			);
			path = "Login and Registration";
			sourceTree = "<group>";
		};
		AF020773256694D8000C982F /* Controllers */ = {
			isa = PBXGroup;
			children = (
				AF02077425669507000C982F /* LoginViewController.swift */,
				AF02077725669511000C982F /* RegistrationViewController.swift */,
			);
			path = Controllers;
			sourceTree = "<group>";
		};
		AF02077A25669520000C982F /* Storyboards */ = {
			isa = PBXGroup;
			children = (
			);
			path = Storyboards;
			sourceTree = "<group>";
		};
		AF2078D0253E48F2009938E2 /* Controllers */ = {
			isa = PBXGroup;
			children = (
				AFE0A61A25385A1D001A7C43 /* ShopDetails.swift */,
				AF4F40772541963E00AFD60B /* ClientDetailViewController.swift */,
				AF978F8C25500525000B5C37 /* ShopsController.swift */,
				AFBF968E255D6F55006413F8 /* ClientViewController.swift */,
				AF02077E25669634000C982F /* HomeViewController.swift */,
			);
			path = Controllers;
			sourceTree = "<group>";
		};
		AF230292254FF33F00F54D4B /* Table Cells Prototype */ = {
			isa = PBXGroup;
			children = (
				AF230293254FF34D00F54D4B /* BikesTableViewCell.swift */,
				AF9F450B2538C6460063495D /* ClientsTableViewCell.swift */,
				AF978F8F25500548000B5C37 /* ShopsTableViewCell.swift */,
			);
			path = "Table Cells Prototype";
			sourceTree = "<group>";
		};
		AF25B063253E2B28001DA9F3 /* Validation */ = {
			isa = PBXGroup;
			children = (
				AFC13B302554348700DC82CD /* FieldsValidate.swift */,
			);
			path = Validation;
			sourceTree = "<group>";
		};
		AFBC4E34255D7BFF00E2E46F /* Helpers */ = {
			isa = PBXGroup;
			children = (
				AF02077B25669563000C982F /* DatabaseManager.swift */,
				AFBC4E35255D7C1200E2E46F /* Configuration.swift */,
			);
			path = Helpers;
			sourceTree = "<group>";
		};
		AFDB8CA22538672B008E047A /* Models */ = {
			isa = PBXGroup;
			children = (
				AFDB8CA325386740008E047A /* ClientsStore.swift */,
				AF23028F254FF33200F54D4B /* ShopsStore.swift */,
			);
			path = Models;
			sourceTree = "<group>";
		};
		AFE0A60A25385A1D001A7C43 = {
			isa = PBXGroup;
			children = (
				AF02074A256690A6000C982F /* GoogleService-Info.plist */,
				AFE0A61525385A1D001A7C43 /* BikeRentalWithRealm */,
				AFE0A61425385A1D001A7C43 /* Products */,
				A18384D030E5EC732C407134 /* Pods */,
				F3A9E920D2C87CCC52EEBB96 /* Frameworks */,
			);
			sourceTree = "<group>";
		};
		AFE0A61425385A1D001A7C43 /* Products */ = {
			isa = PBXGroup;
			children = (
				AFE0A61325385A1D001A7C43 /* BikeRentalWithRealm.app */,
			);
			name = Products;
			sourceTree = "<group>";
		};
		AFE0A61525385A1D001A7C43 /* BikeRentalWithRealm */ = {
			isa = PBXGroup;
			children = (
				AF0207722566949E000C982F /* Login and Registration */,
				AFBC4E34255D7BFF00E2E46F /* Helpers */,
				AF230292254FF33F00F54D4B /* Table Cells Prototype */,
				AF2078D0253E48F2009938E2 /* Controllers */,
				AF25B063253E2B28001DA9F3 /* Validation */,
				AFDB8CA22538672B008E047A /* Models */,
				AFE0A62F25385F25001A7C43 /* Realm */,
				AFE0A61625385A1D001A7C43 /* AppDelegate.swift */,
				AFE0A61825385A1D001A7C43 /* SceneDelegate.swift */,
				AFE0A61C25385A1D001A7C43 /* Main.storyboard */,
				AFE0A61F25385A21001A7C43 /* Assets.xcassets */,
				AFE0A62125385A21001A7C43 /* LaunchScreen.storyboard */,
				AFE0A62425385A21001A7C43 /* Info.plist */,
			);
			path = BikeRentalWithRealm;
			sourceTree = "<group>";
		};
		AFE0A62F25385F25001A7C43 /* Realm */ = {
			isa = PBXGroup;
			children = (
				AFE0A63025385F48001A7C43 /* Clients.swift */,
				AFDB8C9F2538661B008E047A /* Bikes.swift */,
				AF23028C254FF26500F54D4B /* Shops.swift */,
			);
			path = Realm;
			sourceTree = "<group>";
		};
		F3A9E920D2C87CCC52EEBB96 /* Frameworks */ = {
			isa = PBXGroup;
			children = (
				DB05495C732C105D360CF6A7 /* Pods_BikeRentalWithRealm.framework */,
			);
			name = Frameworks;
			sourceTree = "<group>";
		};
/* End PBXGroup section */

/* Begin PBXNativeTarget section */
		AFE0A61225385A1D001A7C43 /* BikeRentalWithRealm */ = {
			isa = PBXNativeTarget;
			buildConfigurationList = AFE0A62725385A21001A7C43 /* Build configuration list for PBXNativeTarget "BikeRentalWithRealm" */;
			buildPhases = (
				8243CC83C399593F9E39D8E7 /* [CP] Check Pods Manifest.lock */,
				AFE0A60F25385A1D001A7C43 /* Sources */,
				AFE0A61025385A1D001A7C43 /* Frameworks */,
				AFE0A61125385A1D001A7C43 /* Resources */,
				1472E693890294B1105202B0 /* [CP] Embed Pods Frameworks */,
			);
			buildRules = (
			);
			dependencies = (
			);
			name = BikeRentalWithRealm;
			productName = BikeRentalWithRealm;
			productReference = AFE0A61325385A1D001A7C43 /* BikeRentalWithRealm.app */;
			productType = "com.apple.product-type.application";
		};
/* End PBXNativeTarget section */

/* Begin PBXProject section */
		AFE0A60B25385A1D001A7C43 /* Project object */ = {
			isa = PBXProject;
			attributes = {
				LastSwiftUpdateCheck = 1200;
				LastUpgradeCheck = 1200;
				TargetAttributes = {
					AFE0A61225385A1D001A7C43 = {
						CreatedOnToolsVersion = 12.0.1;
					};
				};
			};
			buildConfigurationList = AFE0A60E25385A1D001A7C43 /* Build configuration list for PBXProject "BikeRentalWithRealm" */;
			compatibilityVersion = "Xcode 9.3";
			developmentRegion = en;
			hasScannedForEncodings = 0;
			knownRegions = (
				en,
				Base,
			);
			mainGroup = AFE0A60A25385A1D001A7C43;
			productRefGroup = AFE0A61425385A1D001A7C43 /* Products */;
			projectDirPath = "";
			projectRoot = "";
			targets = (
				AFE0A61225385A1D001A7C43 /* BikeRentalWithRealm */,
			);
		};
/* End PBXProject section */

/* Begin PBXResourcesBuildPhase section */
		AFE0A61125385A1D001A7C43 /* Resources */ = {
			isa = PBXResourcesBuildPhase;
			buildActionMask = 2147483647;
			files = (
				AFE0A62325385A21001A7C43 /* LaunchScreen.storyboard in Resources */,
				AFE0A62025385A21001A7C43 /* Assets.xcassets in Resources */,
				AF02074B256690A6000C982F /* GoogleService-Info.plist in Resources */,
				AFE0A61E25385A1D001A7C43 /* Main.storyboard in Resources */,
			);
			runOnlyForDeploymentPostprocessing = 0;
		};
/* End PBXResourcesBuildPhase section */

/* Begin PBXShellScriptBuildPhase section */
		1472E693890294B1105202B0 /* [CP] Embed Pods Frameworks */ = {
			isa = PBXShellScriptBuildPhase;
			buildActionMask = 2147483647;
			files = (
			);
			inputFileListPaths = (
				"${PODS_ROOT}/Target Support Files/Pods-BikeRentalWithRealm/Pods-BikeRentalWithRealm-frameworks-${CONFIGURATION}-input-files.xcfilelist",
			);
			name = "[CP] Embed Pods Frameworks";
			outputFileListPaths = (
				"${PODS_ROOT}/Target Support Files/Pods-BikeRentalWithRealm/Pods-BikeRentalWithRealm-frameworks-${CONFIGURATION}-output-files.xcfilelist",
			);
			runOnlyForDeploymentPostprocessing = 0;
			shellPath = /bin/sh;
			shellScript = "\"${PODS_ROOT}/Target Support Files/Pods-BikeRentalWithRealm/Pods-BikeRentalWithRealm-frameworks.sh\"\n";
			showEnvVarsInLog = 0;
		};
		8243CC83C399593F9E39D8E7 /* [CP] Check Pods Manifest.lock */ = {
			isa = PBXShellScriptBuildPhase;
			buildActionMask = 2147483647;
			files = (
			);
			inputFileListPaths = (
			);
			inputPaths = (
				"${PODS_PODFILE_DIR_PATH}/Podfile.lock",
				"${PODS_ROOT}/Manifest.lock",
			);
			name = "[CP] Check Pods Manifest.lock";
			outputFileListPaths = (
			);
			outputPaths = (
				"$(DERIVED_FILE_DIR)/Pods-BikeRentalWithRealm-checkManifestLockResult.txt",
			);
			runOnlyForDeploymentPostprocessing = 0;
			shellPath = /bin/sh;
			shellScript = "diff \"${PODS_PODFILE_DIR_PATH}/Podfile.lock\" \"${PODS_ROOT}/Manifest.lock\" > /dev/null\nif [ $? != 0 ] ; then\n    # print error to STDERR\n    echo \"error: The sandbox is not in sync with the Podfile.lock. Run 'pod install' or update your CocoaPods installation.\" >&2\n    exit 1\nfi\n# This output is used by Xcode 'outputs' to avoid re-running this script phase.\necho \"SUCCESS\" > \"${SCRIPT_OUTPUT_FILE_0}\"\n";
			showEnvVarsInLog = 0;
		};
/* End PBXShellScriptBuildPhase section */

/* Begin PBXSourcesBuildPhase section */
		AFE0A60F25385A1D001A7C43 /* Sources */ = {
			isa = PBXSourcesBuildPhase;
			buildActionMask = 2147483647;
			files = (
				AFC13B312554348700DC82CD /* FieldsValidate.swift in Sources */,
				AFDB8CA425386740008E047A /* ClientsStore.swift in Sources */,
				AFE0A61B25385A1D001A7C43 /* ShopDetails.swift in Sources */,
				AFBF968F255D6F55006413F8 /* ClientViewController.swift in Sources */,
				AF230294254FF34D00F54D4B /* BikesTableViewCell.swift in Sources */,
				AFBC4E36255D7C1200E2E46F /* Configuration.swift in Sources */,
				AF9F450C2538C6460063495D /* ClientsTableViewCell.swift in Sources */,
				AF230290254FF33200F54D4B /* ShopsStore.swift in Sources */,
				AF978F9025500548000B5C37 /* ShopsTableViewCell.swift in Sources */,
				AFE0A61725385A1D001A7C43 /* AppDelegate.swift in Sources */,
				AF4F40782541963E00AFD60B /* ClientDetailViewController.swift in Sources */,
				AF978F8D25500525000B5C37 /* ShopsController.swift in Sources */,
				AF02077825669511000C982F /* RegistrationViewController.swift in Sources */,
				AFE0A63125385F48001A7C43 /* Clients.swift in Sources */,
				AF02077C25669563000C982F /* DatabaseManager.swift in Sources */,
				AF02077F25669634000C982F /* HomeViewController.swift in Sources */,
				AF02077525669507000C982F /* LoginViewController.swift in Sources */,
				AFE0A61925385A1D001A7C43 /* SceneDelegate.swift in Sources */,
				AFDB8CA02538661B008E047A /* Bikes.swift in Sources */,
				AF23028D254FF26500F54D4B /* Shops.swift in Sources */,
			);
			runOnlyForDeploymentPostprocessing = 0;
		};
/* End PBXSourcesBuildPhase section */

/* Begin PBXVariantGroup section */
		AFE0A61C25385A1D001A7C43 /* Main.storyboard */ = {
			isa = PBXVariantGroup;
			children = (
				AFE0A61D25385A1D001A7C43 /* Base */,
			);
			name = Main.storyboard;
			sourceTree = "<group>";
		};
		AFE0A62125385A21001A7C43 /* LaunchScreen.storyboard */ = {
			isa = PBXVariantGroup;
			children = (
				AFE0A62225385A21001A7C43 /* Base */,
			);
			name = LaunchScreen.storyboard;
			sourceTree = "<group>";
		};
/* End PBXVariantGroup section */

/* Begin XCBuildConfiguration section */
		AFE0A62525385A21001A7C43 /* Debug */ = {
			isa = XCBuildConfiguration;
			buildSettings = {
				ALWAYS_SEARCH_USER_PATHS = NO;
				CLANG_ANALYZER_NONNULL = YES;
				CLANG_ANALYZER_NUMBER_OBJECT_CONVERSION = YES_AGGRESSIVE;
				CLANG_CXX_LANGUAGE_STANDARD = "gnu++14";
				CLANG_CXX_LIBRARY = "libc++";
				CLANG_ENABLE_MODULES = YES;
				CLANG_ENABLE_OBJC_ARC = YES;
				CLANG_ENABLE_OBJC_WEAK = YES;
				CLANG_WARN_BLOCK_CAPTURE_AUTORELEASING = YES;
				CLANG_WARN_BOOL_CONVERSION = YES;
				CLANG_WARN_COMMA = YES;
				CLANG_WARN_CONSTANT_CONVERSION = YES;
				CLANG_WARN_DEPRECATED_OBJC_IMPLEMENTATIONS = YES;
				CLANG_WARN_DIRECT_OBJC_ISA_USAGE = YES_ERROR;
				CLANG_WARN_DOCUMENTATION_COMMENTS = YES;
				CLANG_WARN_EMPTY_BODY = YES;
				CLANG_WARN_ENUM_CONVERSION = YES;
				CLANG_WARN_INFINITE_RECURSION = YES;
				CLANG_WARN_INT_CONVERSION = YES;
				CLANG_WARN_NON_LITERAL_NULL_CONVERSION = YES;
				CLANG_WARN_OBJC_IMPLICIT_RETAIN_SELF = YES;
				CLANG_WARN_OBJC_LITERAL_CONVERSION = YES;
				CLANG_WARN_OBJC_ROOT_CLASS = YES_ERROR;
				CLANG_WARN_QUOTED_INCLUDE_IN_FRAMEWORK_HEADER = YES;
				CLANG_WARN_RANGE_LOOP_ANALYSIS = YES;
				CLANG_WARN_STRICT_PROTOTYPES = YES;
				CLANG_WARN_SUSPICIOUS_MOVE = YES;
				CLANG_WARN_UNGUARDED_AVAILABILITY = YES_AGGRESSIVE;
				CLANG_WARN_UNREACHABLE_CODE = YES;
				CLANG_WARN__DUPLICATE_METHOD_MATCH = YES;
				COPY_PHASE_STRIP = NO;
				DEBUG_INFORMATION_FORMAT = dwarf;
				ENABLE_STRICT_OBJC_MSGSEND = YES;
				ENABLE_TESTABILITY = YES;
				GCC_C_LANGUAGE_STANDARD = gnu11;
				GCC_DYNAMIC_NO_PIC = NO;
				GCC_NO_COMMON_BLOCKS = YES;
				GCC_OPTIMIZATION_LEVEL = 0;
				GCC_PREPROCESSOR_DEFINITIONS = (
					"DEBUG=1",
					"$(inherited)",
				);
				GCC_WARN_64_TO_32_BIT_CONVERSION = YES;
				GCC_WARN_ABOUT_RETURN_TYPE = YES_ERROR;
				GCC_WARN_UNDECLARED_SELECTOR = YES;
				GCC_WARN_UNINITIALIZED_AUTOS = YES_AGGRESSIVE;
				GCC_WARN_UNUSED_FUNCTION = YES;
				GCC_WARN_UNUSED_VARIABLE = YES;
				IPHONEOS_DEPLOYMENT_TARGET = 14.0;
				MTL_ENABLE_DEBUG_INFO = INCLUDE_SOURCE;
				MTL_FAST_MATH = YES;
				ONLY_ACTIVE_ARCH = YES;
				SDKROOT = iphoneos;
				SWIFT_ACTIVE_COMPILATION_CONDITIONS = DEBUG;
				SWIFT_OPTIMIZATION_LEVEL = "-Onone";
			};
			name = Debug;
		};
		AFE0A62625385A21001A7C43 /* Release */ = {
			isa = XCBuildConfiguration;
			buildSettings = {
				ALWAYS_SEARCH_USER_PATHS = NO;
				CLANG_ANALYZER_NONNULL = YES;
				CLANG_ANALYZER_NUMBER_OBJECT_CONVERSION = YES_AGGRESSIVE;
				CLANG_CXX_LANGUAGE_STANDARD = "gnu++14";
				CLANG_CXX_LIBRARY = "libc++";
				CLANG_ENABLE_MODULES = YES;
				CLANG_ENABLE_OBJC_ARC = YES;
				CLANG_ENABLE_OBJC_WEAK = YES;
				CLANG_WARN_BLOCK_CAPTURE_AUTORELEASING = YES;
				CLANG_WARN_BOOL_CONVERSION = YES;
				CLANG_WARN_COMMA = YES;
				CLANG_WARN_CONSTANT_CONVERSION = YES;
				CLANG_WARN_DEPRECATED_OBJC_IMPLEMENTATIONS = YES;
				CLANG_WARN_DIRECT_OBJC_ISA_USAGE = YES_ERROR;
				CLANG_WARN_DOCUMENTATION_COMMENTS = YES;
				CLANG_WARN_EMPTY_BODY = YES;
				CLANG_WARN_ENUM_CONVERSION = YES;
				CLANG_WARN_INFINITE_RECURSION = YES;
				CLANG_WARN_INT_CONVERSION = YES;
				CLANG_WARN_NON_LITERAL_NULL_CONVERSION = YES;
				CLANG_WARN_OBJC_IMPLICIT_RETAIN_SELF = YES;
				CLANG_WARN_OBJC_LITERAL_CONVERSION = YES;
				CLANG_WARN_OBJC_ROOT_CLASS = YES_ERROR;
				CLANG_WARN_QUOTED_INCLUDE_IN_FRAMEWORK_HEADER = YES;
				CLANG_WARN_RANGE_LOOP_ANALYSIS = YES;
				CLANG_WARN_STRICT_PROTOTYPES = YES;
				CLANG_WARN_SUSPICIOUS_MOVE = YES;
				CLANG_WARN_UNGUARDED_AVAILABILITY = YES_AGGRESSIVE;
				CLANG_WARN_UNREACHABLE_CODE = YES;
				CLANG_WARN__DUPLICATE_METHOD_MATCH = YES;
				COPY_PHASE_STRIP = NO;
				DEBUG_INFORMATION_FORMAT = "dwarf-with-dsym";
				ENABLE_NS_ASSERTIONS = NO;
				ENABLE_STRICT_OBJC_MSGSEND = YES;
				GCC_C_LANGUAGE_STANDARD = gnu11;
				GCC_NO_COMMON_BLOCKS = YES;
				GCC_WARN_64_TO_32_BIT_CONVERSION = YES;
				GCC_WARN_ABOUT_RETURN_TYPE = YES_ERROR;
				GCC_WARN_UNDECLARED_SELECTOR = YES;
				GCC_WARN_UNINITIALIZED_AUTOS = YES_AGGRESSIVE;
				GCC_WARN_UNUSED_FUNCTION = YES;
				GCC_WARN_UNUSED_VARIABLE = YES;
				IPHONEOS_DEPLOYMENT_TARGET = 14.0;
				MTL_ENABLE_DEBUG_INFO = NO;
				MTL_FAST_MATH = YES;
				SDKROOT = iphoneos;
				SWIFT_COMPILATION_MODE = wholemodule;
				SWIFT_OPTIMIZATION_LEVEL = "-O";
				VALIDATE_PRODUCT = YES;
			};
			name = Release;
		};
		AFE0A62825385A21001A7C43 /* Debug */ = {
			isa = XCBuildConfiguration;
			baseConfigurationReference = 81BBD78ADA48B0D0184E7CD2 /* Pods-BikeRentalWithRealm.debug.xcconfig */;
			buildSettings = {
				ASSETCATALOG_COMPILER_APPICON_NAME = AppIcon;
				ASSETCATALOG_COMPILER_GLOBAL_ACCENT_COLOR_NAME = AccentColor;
				CODE_SIGN_STYLE = Automatic;
				DEVELOPMENT_TEAM = 29Q39VBUJL;
				EXCLUDED_ARCHS = arm64;
				INFOPLIST_FILE = BikeRentalWithRealm/Info.plist;
				LD_RUNPATH_SEARCH_PATHS = (
					"$(inherited)",
					"@executable_path/Frameworks",
				);
				PRODUCT_BUNDLE_IDENTIFIER = com.Zhanna.BikeRentalWithRealm;
				PRODUCT_NAME = "$(TARGET_NAME)";
				SWIFT_VERSION = 5.0;
				TARGETED_DEVICE_FAMILY = "1,2";
			};
			name = Debug;
		};
		AFE0A62925385A21001A7C43 /* Release */ = {
			isa = XCBuildConfiguration;
			baseConfigurationReference = 0F457ACA2BBA53584D4F41E3 /* Pods-BikeRentalWithRealm.release.xcconfig */;
			buildSettings = {
				ASSETCATALOG_COMPILER_APPICON_NAME = AppIcon;
				ASSETCATALOG_COMPILER_GLOBAL_ACCENT_COLOR_NAME = AccentColor;
				CODE_SIGN_STYLE = Automatic;
				DEVELOPMENT_TEAM = 29Q39VBUJL;
				EXCLUDED_ARCHS = arm64;
				INFOPLIST_FILE = BikeRentalWithRealm/Info.plist;
				LD_RUNPATH_SEARCH_PATHS = (
					"$(inherited)",
					"@executable_path/Frameworks",
				);
				PRODUCT_BUNDLE_IDENTIFIER = com.Zhanna.BikeRentalWithRealm;
				PRODUCT_NAME = "$(TARGET_NAME)";
				SWIFT_VERSION = 5.0;
				TARGETED_DEVICE_FAMILY = "1,2";
			};
			name = Release;
		};
/* End XCBuildConfiguration section */

/* Begin XCConfigurationList section */
		AFE0A60E25385A1D001A7C43 /* Build configuration list for PBXProject "BikeRentalWithRealm" */ = {
			isa = XCConfigurationList;
			buildConfigurations = (
				AFE0A62525385A21001A7C43 /* Debug */,
				AFE0A62625385A21001A7C43 /* Release */,
			);
			defaultConfigurationIsVisible = 0;
			defaultConfigurationName = Release;
		};
		AFE0A62725385A21001A7C43 /* Build configuration list for PBXNativeTarget "BikeRentalWithRealm" */ = {
			isa = XCConfigurationList;
			buildConfigurations = (
				AFE0A62825385A21001A7C43 /* Debug */,
				AFE0A62925385A21001A7C43 /* Release */,
			);
			defaultConfigurationIsVisible = 0;
			defaultConfigurationName = Release;
		};
/* End XCConfigurationList section */
	};
	rootObject = AFE0A60B25385A1D001A7C43 /* Project object */;
}
